// !$*UTF8*$!
{
	archiveVersion = 1;
	classes = {
	};
	objectVersion = 46;
	objects = {

/* Begin PBXBuildFile section */
		1CB0128915E2C64B009B690E /* ResultsGraph.m in Sources */ = {isa = PBXBuildFile; fileRef = 1CB0128815E2C64B009B690E /* ResultsGraph.m */; };
		96141CC915DF0A1200955F31 /* UIKit.framework in Frameworks */ = {isa = PBXBuildFile; fileRef = 96141CC815DF0A1200955F31 /* UIKit.framework */; };
		96141CCB15DF0A1200955F31 /* Foundation.framework in Frameworks */ = {isa = PBXBuildFile; fileRef = 96141CCA15DF0A1200955F31 /* Foundation.framework */; };
		96141CCD15DF0A1200955F31 /* CoreGraphics.framework in Frameworks */ = {isa = PBXBuildFile; fileRef = 96141CCC15DF0A1200955F31 /* CoreGraphics.framework */; };
		96141CD315DF0A1200955F31 /* InfoPlist.strings in Resources */ = {isa = PBXBuildFile; fileRef = 96141CD115DF0A1200955F31 /* InfoPlist.strings */; };
		96141CD515DF0A1200955F31 /* main.m in Sources */ = {isa = PBXBuildFile; fileRef = 96141CD415DF0A1200955F31 /* main.m */; };
		96141CD915DF0A1200955F31 /* AppDelegate.m in Sources */ = {isa = PBXBuildFile; fileRef = 96141CD815DF0A1200955F31 /* AppDelegate.m */; };
		96141CE215DF0AB100955F31 /* IssuesViewController.m in Sources */ = {isa = PBXBuildFile; fileRef = 96141CE015DF0AB100955F31 /* IssuesViewController.m */; };
		96141CE315DF0AB100955F31 /* IssuesViewController.xib in Resources */ = {isa = PBXBuildFile; fileRef = 96141CE115DF0AB100955F31 /* IssuesViewController.xib */; };
		96141CE615DF0CC500955F31 /* IssuesModel.m in Sources */ = {isa = PBXBuildFile; fileRef = 96141CE515DF0CC500955F31 /* IssuesModel.m */; };
		96141CF215DF11B800955F31 /* TabBarViewController.m in Sources */ = {isa = PBXBuildFile; fileRef = 96141CF015DF11B800955F31 /* TabBarViewController.m */; };
		96141CF315DF11B800955F31 /* TabBarViewController.xib in Resources */ = {isa = PBXBuildFile; fileRef = 96141CF115DF11B800955F31 /* TabBarViewController.xib */; };
		96141CF715DF15B600955F31 /* NewIssuesViewController.m in Sources */ = {isa = PBXBuildFile; fileRef = 96141CF515DF15B600955F31 /* NewIssuesViewController.m */; };
		96141CF815DF15B600955F31 /* NewIssuesViewController.xib in Resources */ = {isa = PBXBuildFile; fileRef = 96141CF615DF15B600955F31 /* NewIssuesViewController.xib */; };
		96141D2615DF1AB500955F31 /* AudioToolbox.framework in Frameworks */ = {isa = PBXBuildFile; fileRef = 96141D1E15DF1AB400955F31 /* AudioToolbox.framework */; };
		96141D2715DF1AB500955F31 /* CFNetwork.framework in Frameworks */ = {isa = PBXBuildFile; fileRef = 96141D1F15DF1AB400955F31 /* CFNetwork.framework */; };
		96141D2815DF1AB500955F31 /* libz.1.1.3.dylib in Frameworks */ = {isa = PBXBuildFile; fileRef = 96141D2015DF1AB400955F31 /* libz.1.1.3.dylib */; };
		96141D2915DF1AB500955F31 /* MobileCoreServices.framework in Frameworks */ = {isa = PBXBuildFile; fileRef = 96141D2115DF1AB400955F31 /* MobileCoreServices.framework */; };
		96141D2A15DF1AB500955F31 /* QuartzCore.framework in Frameworks */ = {isa = PBXBuildFile; fileRef = 96141D2215DF1AB400955F31 /* QuartzCore.framework */; };
		96141D2B15DF1AB500955F31 /* Security.framework in Frameworks */ = {isa = PBXBuildFile; fileRef = 96141D2315DF1AB400955F31 /* Security.framework */; };
		96141D2C15DF1AB500955F31 /* StoreKit.framework in Frameworks */ = {isa = PBXBuildFile; fileRef = 96141D2415DF1AB400955F31 /* StoreKit.framework */; };
		96141D2D15DF1AB500955F31 /* SystemConfiguration.framework in Frameworks */ = {isa = PBXBuildFile; fileRef = 96141D2515DF1AB400955F31 /* SystemConfiguration.framework */; };
		9693475A15E038320023B92D /* IssueResponseViewController.m in Sources */ = {isa = PBXBuildFile; fileRef = 9693475815E038320023B92D /* IssueResponseViewController.m */; };
		9693475B15E038320023B92D /* IssueResponseViewController.xib in Resources */ = {isa = PBXBuildFile; fileRef = 9693475915E038320023B92D /* IssueResponseViewController.xib */; };
		9693476015E03CF20023B92D /* ShowIssueViewController.m in Sources */ = {isa = PBXBuildFile; fileRef = 9693475E15E03CF20023B92D /* ShowIssueViewController.m */; };
		9693476115E03CF20023B92D /* ShowIssueViewController.xib in Resources */ = {isa = PBXBuildFile; fileRef = 9693475F15E03CF20023B92D /* ShowIssueViewController.xib */; };
		96DB901B15DF1F0B005E5550 /* Parse.framework in Frameworks */ = {isa = PBXBuildFile; fileRef = 96DB901A15DF1F0B005E5550 /* Parse.framework */; };
		96FD794615E05E300061A49B /* ResultsViewController.m in Sources */ = {isa = PBXBuildFile; fileRef = 96FD794415E05E300061A49B /* ResultsViewController.m */; };
		96FD794715E05E300061A49B /* ResultsViewController.xib in Resources */ = {isa = PBXBuildFile; fileRef = 96FD794515E05E300061A49B /* ResultsViewController.xib */; };
		D79D32BA0FB44328AA928630 /* libPods.a in Frameworks */ = {isa = PBXBuildFile; fileRef = BFC86B851639481D87739ADC /* libPods.a */; };
/* End PBXBuildFile section */

/* Begin PBXFileReference section */
		1CB0128715E2C64B009B690E /* ResultsGraph.h */ = {isa = PBXFileReference; fileEncoding = 4; lastKnownFileType = sourcecode.c.h; name = ResultsGraph.h; path = ../ResultsGraph.h; sourceTree = "<group>"; };
		1CB0128815E2C64B009B690E /* ResultsGraph.m */ = {isa = PBXFileReference; fileEncoding = 4; lastKnownFileType = sourcecode.c.objc; name = ResultsGraph.m; path = ../ResultsGraph.m; sourceTree = "<group>"; };
		7F8E08F8B2224A0D88DBC6D9 /* Pods.xcconfig */ = {isa = PBXFileReference; includeInIndex = 1; lastKnownFileType = text.xcconfig; name = Pods.xcconfig; path = Pods/Pods.xcconfig; sourceTree = SOURCE_ROOT; };
		96141CC415DF0A1200955F31 /* DemocracyTheApp.app */ = {isa = PBXFileReference; explicitFileType = wrapper.application; includeInIndex = 0; path = DemocracyTheApp.app; sourceTree = BUILT_PRODUCTS_DIR; };
		96141CC815DF0A1200955F31 /* UIKit.framework */ = {isa = PBXFileReference; includeInIndex = 1; lastKnownFileType = wrapper.framework; name = UIKit.framework; path = System/Library/Frameworks/UIKit.framework; sourceTree = SDKROOT; };
		96141CCA15DF0A1200955F31 /* Foundation.framework */ = {isa = PBXFileReference; includeInIndex = 1; lastKnownFileType = wrapper.framework; name = Foundation.framework; path = System/Library/Frameworks/Foundation.framework; sourceTree = SDKROOT; };
		96141CCC15DF0A1200955F31 /* CoreGraphics.framework */ = {isa = PBXFileReference; includeInIndex = 1; lastKnownFileType = wrapper.framework; name = CoreGraphics.framework; path = System/Library/Frameworks/CoreGraphics.framework; sourceTree = SDKROOT; };
		96141CD015DF0A1200955F31 /* DemocracyTheApp-Info.plist */ = {isa = PBXFileReference; lastKnownFileType = text.plist.xml; path = "DemocracyTheApp-Info.plist"; sourceTree = "<group>"; };
		96141CD215DF0A1200955F31 /* en */ = {isa = PBXFileReference; lastKnownFileType = text.plist.strings; name = en; path = en.lproj/InfoPlist.strings; sourceTree = "<group>"; };
		96141CD415DF0A1200955F31 /* main.m */ = {isa = PBXFileReference; lastKnownFileType = sourcecode.c.objc; path = main.m; sourceTree = "<group>"; };
		96141CD615DF0A1200955F31 /* DemocracyTheApp-Prefix.pch */ = {isa = PBXFileReference; lastKnownFileType = sourcecode.c.h; path = "DemocracyTheApp-Prefix.pch"; sourceTree = "<group>"; };
		96141CD715DF0A1200955F31 /* AppDelegate.h */ = {isa = PBXFileReference; lastKnownFileType = sourcecode.c.h; path = AppDelegate.h; sourceTree = "<group>"; };
		96141CD815DF0A1200955F31 /* AppDelegate.m */ = {isa = PBXFileReference; lastKnownFileType = sourcecode.c.objc; path = AppDelegate.m; sourceTree = "<group>"; };
		96141CDF15DF0AB100955F31 /* IssuesViewController.h */ = {isa = PBXFileReference; fileEncoding = 4; lastKnownFileType = sourcecode.c.h; name = IssuesViewController.h; path = ../IssuesViewController.h; sourceTree = "<group>"; };
		96141CE015DF0AB100955F31 /* IssuesViewController.m */ = {isa = PBXFileReference; fileEncoding = 4; lastKnownFileType = sourcecode.c.objc; name = IssuesViewController.m; path = ../IssuesViewController.m; sourceTree = "<group>"; };
		96141CE115DF0AB100955F31 /* IssuesViewController.xib */ = {isa = PBXFileReference; fileEncoding = 4; lastKnownFileType = file.xib; name = IssuesViewController.xib; path = ../IssuesViewController.xib; sourceTree = "<group>"; };
		96141CE415DF0CC500955F31 /* IssuesModel.h */ = {isa = PBXFileReference; fileEncoding = 4; lastKnownFileType = sourcecode.c.h; name = IssuesModel.h; path = ../IssuesModel.h; sourceTree = "<group>"; };
		96141CE515DF0CC500955F31 /* IssuesModel.m */ = {isa = PBXFileReference; fileEncoding = 4; lastKnownFileType = sourcecode.c.objc; name = IssuesModel.m; path = ../IssuesModel.m; sourceTree = "<group>"; };
		96141CEF15DF11B800955F31 /* TabBarViewController.h */ = {isa = PBXFileReference; fileEncoding = 4; lastKnownFileType = sourcecode.c.h; name = TabBarViewController.h; path = ../TabBarViewController.h; sourceTree = "<group>"; };
		96141CF015DF11B800955F31 /* TabBarViewController.m */ = {isa = PBXFileReference; fileEncoding = 4; lastKnownFileType = sourcecode.c.objc; name = TabBarViewController.m; path = ../TabBarViewController.m; sourceTree = "<group>"; };
		96141CF115DF11B800955F31 /* TabBarViewController.xib */ = {isa = PBXFileReference; fileEncoding = 4; lastKnownFileType = file.xib; name = TabBarViewController.xib; path = ../TabBarViewController.xib; sourceTree = "<group>"; };
		96141CF415DF15B600955F31 /* NewIssuesViewController.h */ = {isa = PBXFileReference; fileEncoding = 4; lastKnownFileType = sourcecode.c.h; name = NewIssuesViewController.h; path = ../NewIssuesViewController.h; sourceTree = "<group>"; };
		96141CF515DF15B600955F31 /* NewIssuesViewController.m */ = {isa = PBXFileReference; fileEncoding = 4; lastKnownFileType = sourcecode.c.objc; name = NewIssuesViewController.m; path = ../NewIssuesViewController.m; sourceTree = "<group>"; };
		96141CF615DF15B600955F31 /* NewIssuesViewController.xib */ = {isa = PBXFileReference; fileEncoding = 4; lastKnownFileType = file.xib; name = NewIssuesViewController.xib; path = ../NewIssuesViewController.xib; sourceTree = "<group>"; };
		96141CF915DF192E00955F31 /* Keys.h */ = {isa = PBXFileReference; lastKnownFileType = sourcecode.c.h; name = Keys.h; path = ../Keys.h; sourceTree = "<group>"; };
		96141D1E15DF1AB400955F31 /* AudioToolbox.framework */ = {isa = PBXFileReference; includeInIndex = 1; lastKnownFileType = wrapper.framework; name = AudioToolbox.framework; path = System/Library/Frameworks/AudioToolbox.framework; sourceTree = SDKROOT; };
		96141D1F15DF1AB400955F31 /* CFNetwork.framework */ = {isa = PBXFileReference; includeInIndex = 1; lastKnownFileType = wrapper.framework; name = CFNetwork.framework; path = System/Library/Frameworks/CFNetwork.framework; sourceTree = SDKROOT; };
		96141D2015DF1AB400955F31 /* libz.1.1.3.dylib */ = {isa = PBXFileReference; includeInIndex = 1; lastKnownFileType = "compiled.mach-o.dylib"; name = libz.1.1.3.dylib; path = usr/lib/libz.1.1.3.dylib; sourceTree = SDKROOT; };
		96141D2115DF1AB400955F31 /* MobileCoreServices.framework */ = {isa = PBXFileReference; includeInIndex = 1; lastKnownFileType = wrapper.framework; name = MobileCoreServices.framework; path = System/Library/Frameworks/MobileCoreServices.framework; sourceTree = SDKROOT; };
		96141D2215DF1AB400955F31 /* QuartzCore.framework */ = {isa = PBXFileReference; includeInIndex = 1; lastKnownFileType = wrapper.framework; name = QuartzCore.framework; path = System/Library/Frameworks/QuartzCore.framework; sourceTree = SDKROOT; };
		96141D2315DF1AB400955F31 /* Security.framework */ = {isa = PBXFileReference; includeInIndex = 1; lastKnownFileType = wrapper.framework; name = Security.framework; path = System/Library/Frameworks/Security.framework; sourceTree = SDKROOT; };
		96141D2415DF1AB400955F31 /* StoreKit.framework */ = {isa = PBXFileReference; includeInIndex = 1; lastKnownFileType = wrapper.framework; name = StoreKit.framework; path = System/Library/Frameworks/StoreKit.framework; sourceTree = SDKROOT; };
		96141D2515DF1AB400955F31 /* SystemConfiguration.framework */ = {isa = PBXFileReference; includeInIndex = 1; lastKnownFileType = wrapper.framework; name = SystemConfiguration.framework; path = System/Library/Frameworks/SystemConfiguration.framework; sourceTree = SDKROOT; };
		9693475715E038320023B92D /* IssueResponseViewController.h */ = {isa = PBXFileReference; fileEncoding = 4; lastKnownFileType = sourcecode.c.h; path = IssueResponseViewController.h; sourceTree = "<group>"; };
		9693475815E038320023B92D /* IssueResponseViewController.m */ = {isa = PBXFileReference; fileEncoding = 4; lastKnownFileType = sourcecode.c.objc; path = IssueResponseViewController.m; sourceTree = "<group>"; };
		9693475915E038320023B92D /* IssueResponseViewController.xib */ = {isa = PBXFileReference; fileEncoding = 4; lastKnownFileType = file.xib; path = IssueResponseViewController.xib; sourceTree = "<group>"; };
		9693475D15E03CF10023B92D /* ShowIssueViewController.h */ = {isa = PBXFileReference; fileEncoding = 4; lastKnownFileType = sourcecode.c.h; path = ShowIssueViewController.h; sourceTree = "<group>"; };
		9693475E15E03CF20023B92D /* ShowIssueViewController.m */ = {isa = PBXFileReference; fileEncoding = 4; lastKnownFileType = sourcecode.c.objc; path = ShowIssueViewController.m; sourceTree = "<group>"; };
		9693475F15E03CF20023B92D /* ShowIssueViewController.xib */ = {isa = PBXFileReference; fileEncoding = 4; lastKnownFileType = file.xib; path = ShowIssueViewController.xib; sourceTree = "<group>"; };
		96DB901A15DF1F0B005E5550 /* Parse.framework */ = {isa = PBXFileReference; includeInIndex = 1; lastKnownFileType = wrapper.framework; name = Parse.framework; path = DemocracyTheApp/Parse.framework; sourceTree = "<group>"; };
		96FD794315E05E300061A49B /* ResultsViewController.h */ = {isa = PBXFileReference; fileEncoding = 4; lastKnownFileType = sourcecode.c.h; path = ResultsViewController.h; sourceTree = "<group>"; };
		96FD794415E05E300061A49B /* ResultsViewController.m */ = {isa = PBXFileReference; fileEncoding = 4; lastKnownFileType = sourcecode.c.objc; path = ResultsViewController.m; sourceTree = "<group>"; };
		96FD794515E05E300061A49B /* ResultsViewController.xib */ = {isa = PBXFileReference; fileEncoding = 4; lastKnownFileType = file.xib; path = ResultsViewController.xib; sourceTree = "<group>"; };
		BFC86B851639481D87739ADC /* libPods.a */ = {isa = PBXFileReference; explicitFileType = archive.ar; includeInIndex = 0; path = libPods.a; sourceTree = BUILT_PRODUCTS_DIR; };
/* End PBXFileReference section */

/* Begin PBXFrameworksBuildPhase section */
		96141CC115DF0A1200955F31 /* Frameworks */ = {
			isa = PBXFrameworksBuildPhase;
			buildActionMask = 2147483647;
			files = (
				96141D2615DF1AB500955F31 /* AudioToolbox.framework in Frameworks */,
				96141D2715DF1AB500955F31 /* CFNetwork.framework in Frameworks */,
				96141D2815DF1AB500955F31 /* libz.1.1.3.dylib in Frameworks */,
				96141D2915DF1AB500955F31 /* MobileCoreServices.framework in Frameworks */,
				96141D2A15DF1AB500955F31 /* QuartzCore.framework in Frameworks */,
				96141D2B15DF1AB500955F31 /* Security.framework in Frameworks */,
				96141D2C15DF1AB500955F31 /* StoreKit.framework in Frameworks */,
				96141D2D15DF1AB500955F31 /* SystemConfiguration.framework in Frameworks */,
				96141CCD15DF0A1200955F31 /* CoreGraphics.framework in Frameworks */,
				96141CC915DF0A1200955F31 /* UIKit.framework in Frameworks */,
				96141CCB15DF0A1200955F31 /* Foundation.framework in Frameworks */,
				96DB901B15DF1F0B005E5550 /* Parse.framework in Frameworks */,
				D79D32BA0FB44328AA928630 /* libPods.a in Frameworks */,
			);
			runOnlyForDeploymentPostprocessing = 0;
		};
/* End PBXFrameworksBuildPhase section */

/* Begin PBXGroup section */
		96141CB915DF0A1200955F31 = {
			isa = PBXGroup;
			children = (
				96141CCE15DF0A1200955F31 /* DemocracyTheApp */,
				96141CC715DF0A1200955F31 /* Frameworks */,
				96141CC515DF0A1200955F31 /* Products */,
				7F8E08F8B2224A0D88DBC6D9 /* Pods.xcconfig */,
			);
			sourceTree = "<group>";
		};
		96141CC515DF0A1200955F31 /* Products */ = {
			isa = PBXGroup;
			children = (
				96141CC415DF0A1200955F31 /* DemocracyTheApp.app */,
			);
			name = Products;
			sourceTree = "<group>";
		};
		96141CC715DF0A1200955F31 /* Frameworks */ = {
			isa = PBXGroup;
			children = (
				96DB901A15DF1F0B005E5550 /* Parse.framework */,
				96141D1E15DF1AB400955F31 /* AudioToolbox.framework */,
				96141D1F15DF1AB400955F31 /* CFNetwork.framework */,
				96141D2015DF1AB400955F31 /* libz.1.1.3.dylib */,
				96141D2115DF1AB400955F31 /* MobileCoreServices.framework */,
				96141D2215DF1AB400955F31 /* QuartzCore.framework */,
				96141D2315DF1AB400955F31 /* Security.framework */,
				96141D2415DF1AB400955F31 /* StoreKit.framework */,
				96141D2515DF1AB400955F31 /* SystemConfiguration.framework */,
				96141CC815DF0A1200955F31 /* UIKit.framework */,
				96141CCA15DF0A1200955F31 /* Foundation.framework */,
				96141CCC15DF0A1200955F31 /* CoreGraphics.framework */,
				BFC86B851639481D87739ADC /* libPods.a */,
			);
			name = Frameworks;
			sourceTree = "<group>";
		};
		96141CCE15DF0A1200955F31 /* DemocracyTheApp */ = {
			isa = PBXGroup;
			children = (
				96141CF015DF11B800955F31 /* TabBarViewController.m */,
				96141CEF15DF11B800955F31 /* TabBarViewController.h */,
				96141CF115DF11B800955F31 /* TabBarViewController.xib */,
				96141CF515DF15B600955F31 /* NewIssuesViewController.m */,
				96141CF415DF15B600955F31 /* NewIssuesViewController.h */,
				96141CF615DF15B600955F31 /* NewIssuesViewController.xib */,
				9693475E15E03CF20023B92D /* ShowIssueViewController.m */,
				9693475D15E03CF10023B92D /* ShowIssueViewController.h */,
				9693475F15E03CF20023B92D /* ShowIssueViewController.xib */,
				96141CE015DF0AB100955F31 /* IssuesViewController.m */,
				96141CDF15DF0AB100955F31 /* IssuesViewController.h */,
				96141CE115DF0AB100955F31 /* IssuesViewController.xib */,
				96141CE515DF0CC500955F31 /* IssuesModel.m */,
				96141CE415DF0CC500955F31 /* IssuesModel.h */,
				9693475815E038320023B92D /* IssueResponseViewController.m */,
				9693475715E038320023B92D /* IssueResponseViewController.h */,
				9693475915E038320023B92D /* IssueResponseViewController.xib */,
				96FD794315E05E300061A49B /* ResultsViewController.h */,
				96FD794415E05E300061A49B /* ResultsViewController.m */,
				96FD794515E05E300061A49B /* ResultsViewController.xib */,
				1CB0128715E2C64B009B690E /* ResultsGraph.h */,
				1CB0128815E2C64B009B690E /* ResultsGraph.m */,
				96141CD815DF0A1200955F31 /* AppDelegate.m */,
				96141CD715DF0A1200955F31 /* AppDelegate.h */,
				96141CF915DF192E00955F31 /* Keys.h */,
				96141CCF15DF0A1200955F31 /* Supporting Files */,
			);
			path = DemocracyTheApp;
			sourceTree = "<group>";
		};
		96141CCF15DF0A1200955F31 /* Supporting Files */ = {
			isa = PBXGroup;
			children = (
				96141CD015DF0A1200955F31 /* DemocracyTheApp-Info.plist */,
				96141CD115DF0A1200955F31 /* InfoPlist.strings */,
				96141CD415DF0A1200955F31 /* main.m */,
				96141CD615DF0A1200955F31 /* DemocracyTheApp-Prefix.pch */,
			);
			name = "Supporting Files";
			sourceTree = "<group>";
		};
/* End PBXGroup section */

/* Begin PBXNativeTarget section */
		96141CC315DF0A1200955F31 /* DemocracyTheApp */ = {
			isa = PBXNativeTarget;
			buildConfigurationList = 96141CDC15DF0A1200955F31 /* Build configuration list for PBXNativeTarget "DemocracyTheApp" */;
			buildPhases = (
				96141CC015DF0A1200955F31 /* Sources */,
				96141CC115DF0A1200955F31 /* Frameworks */,
				96141CC215DF0A1200955F31 /* Resources */,
				D6005D17D2604EFDA2AEC496 /* Copy Pods Resources */,
			);
			buildRules = (
			);
			dependencies = (
			);
			name = DemocracyTheApp;
			productName = DemocracyTheApp;
			productReference = 96141CC415DF0A1200955F31 /* DemocracyTheApp.app */;
			productType = "com.apple.product-type.application";
		};
/* End PBXNativeTarget section */

/* Begin PBXProject section */
		96141CBB15DF0A1200955F31 /* Project object */ = {
			isa = PBXProject;
			attributes = {
				LastUpgradeCheck = 0440;
				ORGANIZATIONNAME = "Rose CW/JJ";
			};
			buildConfigurationList = 96141CBE15DF0A1200955F31 /* Build configuration list for PBXProject "DemocracyTheApp" */;
			compatibilityVersion = "Xcode 3.2";
			developmentRegion = English;
			hasScannedForEncodings = 0;
			knownRegions = (
				en,
			);
			mainGroup = 96141CB915DF0A1200955F31;
			productRefGroup = 96141CC515DF0A1200955F31 /* Products */;
			projectDirPath = "";
			projectRoot = "";
			targets = (
				96141CC315DF0A1200955F31 /* DemocracyTheApp */,
			);
		};
/* End PBXProject section */

/* Begin PBXResourcesBuildPhase section */
		96141CC215DF0A1200955F31 /* Resources */ = {
			isa = PBXResourcesBuildPhase;
			buildActionMask = 2147483647;
			files = (
				96141CD315DF0A1200955F31 /* InfoPlist.strings in Resources */,
				96141CE315DF0AB100955F31 /* IssuesViewController.xib in Resources */,
				96141CF315DF11B800955F31 /* TabBarViewController.xib in Resources */,
				96141CF815DF15B600955F31 /* NewIssuesViewController.xib in Resources */,
				9693475B15E038320023B92D /* IssueResponseViewController.xib in Resources */,
				9693476115E03CF20023B92D /* ShowIssueViewController.xib in Resources */,
				96FD794715E05E300061A49B /* ResultsViewController.xib in Resources */,
			);
			runOnlyForDeploymentPostprocessing = 0;
		};
/* End PBXResourcesBuildPhase section */

/* Begin PBXShellScriptBuildPhase section */
		D6005D17D2604EFDA2AEC496 /* Copy Pods Resources */ = {
			isa = PBXShellScriptBuildPhase;
			buildActionMask = 2147483647;
			files = (
			);
			inputPaths = (
			);
			name = "Copy Pods Resources";
			outputPaths = (
			);
			runOnlyForDeploymentPostprocessing = 0;
			shellPath = /bin/sh;
			shellScript = "\"${SRCROOT}/Pods/Pods-resources.sh\"\n";
		};
/* End PBXShellScriptBuildPhase section */

/* Begin PBXSourcesBuildPhase section */
		96141CC015DF0A1200955F31 /* Sources */ = {
			isa = PBXSourcesBuildPhase;
			buildActionMask = 2147483647;
			files = (
				96141CD515DF0A1200955F31 /* main.m in Sources */,
				96141CD915DF0A1200955F31 /* AppDelegate.m in Sources */,
				96141CE215DF0AB100955F31 /* IssuesViewController.m in Sources */,
				96141CE615DF0CC500955F31 /* IssuesModel.m in Sources */,
				96141CF215DF11B800955F31 /* TabBarViewController.m in Sources */,
				96141CF715DF15B600955F31 /* NewIssuesViewController.m in Sources */,
				9693475A15E038320023B92D /* IssueResponseViewController.m in Sources */,
				9693476015E03CF20023B92D /* ShowIssueViewController.m in Sources */,
				96FD794615E05E300061A49B /* ResultsViewController.m in Sources */,
				1CB0128915E2C64B009B690E /* ResultsGraph.m in Sources */,
			);
			runOnlyForDeploymentPostprocessing = 0;
		};
/* End PBXSourcesBuildPhase section */

/* Begin PBXVariantGroup section */
		96141CD115DF0A1200955F31 /* InfoPlist.strings */ = {
			isa = PBXVariantGroup;
			children = (
				96141CD215DF0A1200955F31 /* en */,
			);
			name = InfoPlist.strings;
			sourceTree = "<group>";
		};
/* End PBXVariantGroup section */

/* Begin XCBuildConfiguration section */
		96141CDA15DF0A1200955F31 /* Debug */ = {
			isa = XCBuildConfiguration;
			buildSettings = {
				ALWAYS_SEARCH_USER_PATHS = NO;
				ARCHS = "$(ARCHS_STANDARD_32_BIT)";
				CLANG_CXX_LANGUAGE_STANDARD = "gnu++0x";
				CLANG_ENABLE_OBJC_ARC = YES;
				CLANG_WARN__DUPLICATE_METHOD_MATCH = YES;
				"CODE_SIGN_IDENTITY[sdk=iphoneos*]" = "iPhone Developer";
				COPY_PHASE_STRIP = NO;
				GCC_C_LANGUAGE_STANDARD = gnu99;
				GCC_DYNAMIC_NO_PIC = NO;
				GCC_OPTIMIZATION_LEVEL = 0;
				GCC_PREPROCESSOR_DEFINITIONS = (
					"DEBUG=1",
					"$(inherited)",
				);
				GCC_SYMBOLS_PRIVATE_EXTERN = NO;
				GCC_VERSION = com.apple.compilers.llvm.clang.1_0;
				GCC_WARN_ABOUT_RETURN_TYPE = YES;
				GCC_WARN_UNINITIALIZED_AUTOS = YES;
				GCC_WARN_UNUSED_VARIABLE = YES;
				IPHONEOS_DEPLOYMENT_TARGET = 5.1;
				SDKROOT = iphoneos;
				TARGETED_DEVICE_FAMILY = "1,2";
			};
			name = Debug;
		};
		96141CDB15DF0A1200955F31 /* Release */ = {
			isa = XCBuildConfiguration;
			buildSettings = {
				ALWAYS_SEARCH_USER_PATHS = NO;
				ARCHS = "$(ARCHS_STANDARD_32_BIT)";
				CLANG_CXX_LANGUAGE_STANDARD = "gnu++0x";
				CLANG_ENABLE_OBJC_ARC = YES;
				CLANG_WARN__DUPLICATE_METHOD_MATCH = YES;
				"CODE_SIGN_IDENTITY[sdk=iphoneos*]" = "iPhone Developer";
				COPY_PHASE_STRIP = YES;
				GCC_C_LANGUAGE_STANDARD = gnu99;
				GCC_VERSION = com.apple.compilers.llvm.clang.1_0;
				GCC_WARN_ABOUT_RETURN_TYPE = YES;
				GCC_WARN_UNINITIALIZED_AUTOS = YES;
				GCC_WARN_UNUSED_VARIABLE = YES;
				IPHONEOS_DEPLOYMENT_TARGET = 5.1;
				OTHER_CFLAGS = "-DNS_BLOCK_ASSERTIONS=1";
				SDKROOT = iphoneos;
				TARGETED_DEVICE_FAMILY = "1,2";
				VALIDATE_PRODUCT = YES;
			};
			name = Release;
		};
		96141CDD15DF0A1200955F31 /* Debug */ = {
			isa = XCBuildConfiguration;
			baseConfigurationReference = 7F8E08F8B2224A0D88DBC6D9 /* Pods.xcconfig */;
			buildSettings = {
				FRAMEWORK_SEARCH_PATHS = (
					"$(inherited)",
					"\"$(SRCROOT)/ParseStarterProject\"",
					"\"$(SRCROOT)/DemocracyTheApp\"",
				);
				GCC_PRECOMPILE_PREFIX_HEADER = YES;
				GCC_PREFIX_HEADER = "DemocracyTheApp/DemocracyTheApp-Prefix.pch";
				INFOPLIST_FILE = "DemocracyTheApp/DemocracyTheApp-Info.plist";
				LIBRARY_SEARCH_PATHS = (
					"$(inherited)",
					"\"$(SRCROOT)/../../Downloads/CorePlot_1.0/Binaries/iOS\"",
				);
				OTHER_LDFLAGS = (
					"-all_load",
					"-ObjC",
					"-framework",
					QuartzCore,
				);
				PRODUCT_NAME = "$(TARGET_NAME)";
				WRAPPER_EXTENSION = app;
			};
			name = Debug;
		};
		96141CDE15DF0A1200955F31 /* Release */ = {
			isa = XCBuildConfiguration;
			baseConfigurationReference = 7F8E08F8B2224A0D88DBC6D9 /* Pods.xcconfig */;
			buildSettings = {
				FRAMEWORK_SEARCH_PATHS = (
					"$(inherited)",
					"\"$(SRCROOT)/ParseStarterProject\"",
					"\"$(SRCROOT)/DemocracyTheApp\"",
				);
				GCC_PRECOMPILE_PREFIX_HEADER = YES;
				GCC_PREFIX_HEADER = "DemocracyTheApp/DemocracyTheApp-Prefix.pch";
				INFOPLIST_FILE = "DemocracyTheApp/DemocracyTheApp-Info.plist";
				LIBRARY_SEARCH_PATHS = (
					"$(inherited)",
					"\"$(SRCROOT)/../../Downloads/CorePlot_1.0/Binaries/iOS\"",
				);
				OTHER_LDFLAGS = (
					"-all_load",
					"-ObjC",
					"-framework",
					QuartzCore,
				);
				PRODUCT_NAME = "$(TARGET_NAME)";
				WRAPPER_EXTENSION = app;
			};
			name = Release;
		};
/* End XCBuildConfiguration section */

/* Begin XCConfigurationList section */
		96141CBE15DF0A1200955F31 /* Build configuration list for PBXProject "DemocracyTheApp" */ = {
			isa = XCConfigurationList;
			buildConfigurations = (
				96141CDA15DF0A1200955F31 /* Debug */,
				96141CDB15DF0A1200955F31 /* Release */,
			);
			defaultConfigurationIsVisible = 0;
			defaultConfigurationName = Release;
		};
		96141CDC15DF0A1200955F31 /* Build configuration list for PBXNativeTarget "DemocracyTheApp" */ = {
			isa = XCConfigurationList;
			buildConfigurations = (
				96141CDD15DF0A1200955F31 /* Debug */,
				96141CDE15DF0A1200955F31 /* Release */,
			);
			defaultConfigurationIsVisible = 0;
			defaultConfigurationName = Release;
		};
/* End XCConfigurationList section */
	};
	rootObject = 96141CBB15DF0A1200955F31 /* Project object */;
}
